# This file is automatically @generated by Cargo.
# It is not intended for manual editing.
# app (root, local) -> middle -> fixturevuln (the advisory'd package).
version = 3

[[package]]
name = "app"
version = "0.1.0"
dependencies = [
 "middle",
]

[[package]]
name = "fixturevuln"
version = "1.0.0"
source = "registry+https://github.com/rust-lang/crates.io-index"
checksum = "bbbbbbbbbbbbbbbbbbbbbbbbbbbbbbbbbbbbbbbbbbbbbbbbbbbbbbbbbbbbbbbb"

[[package]]
name = "middle"
version = "1.0.0"
source = "registry+https://github.com/rust-lang/crates.io-index"
checksum = "dddddddddddddddddddddddddddddddddddddddddddddddddddddddddddddddd"
dependencies = [
 "fixturevuln",
]
