# This file is automatically @generated by Cargo.
# It is not intended for manual editing.
# Contains only a package with no advisory in the fixture DB -> a clean scan.
version = 3

[[package]]
name = "cleanpkg"
version = "1.0.0"
source = "registry+https://github.com/rust-lang/crates.io-index"
checksum = "cccccccccccccccccccccccccccccccccccccccccccccccccccccccccccccccc"
