# This file is automatically @generated by Cargo.
# It is not intended for manual editing.
# This lockfile sits at depth 3 and must be EXCLUDED when glob_max_depth = 2.
version = 3

[[package]]
name = "fixturevuln"
version = "1.0.0"
source = "registry+https://github.com/rust-lang/crates.io-index"
checksum = "bbbbbbbbbbbbbbbbbbbbbbbbbbbbbbbbbbbbbbbbbbbbbbbbbbbbbbbbbbbbbbbb"
